
Microsoft Visual Studio Solution File, Format Version 12.00
# Visual Studio Version 17
VisualStudioVersion = 17.9.34607.119
MinimumVisualStudioVersion = 10.0.40219.1
Project("{9A19103F-16F7-4668-BE54-9A1E7A4F7556}") = "Mist452FinalProject", "Mist452FinalProject.csproj", "{C112EDA0-98C7-4762-A64A-C8290E72906B}"
EndProject
Global
	GlobalSection(SolutionConfigurationPlatforms) = preSolution
		Debug|Any CPU = Debug|Any CPU
		Release|Any CPU = Release|Any CPU
	EndGlobalSection
	GlobalSection(ProjectConfigurationPlatforms) = postSolution
		{C112EDA0-98C7-4762-A64A-C8290E72906B}.Debug|Any CPU.ActiveCfg = Debug|Any CPU
		{C112EDA0-98C7-4762-A64A-C8290E72906B}.Debug|Any CPU.Build.0 = Debug|Any CPU
		{C112EDA0-98C7-4762-A64A-C8290E72906B}.Release|Any CPU.ActiveCfg = Release|Any CPU
		{C112EDA0-98C7-4762-A64A-C8290E72906B}.Release|Any CPU.Build.0 = Release|Any CPU
	EndGlobalSection
	GlobalSection(SolutionProperties) = preSolution
		HideSolutionNode = FALSE
	EndGlobalSection
	GlobalSection(ExtensibilityGlobals) = postSolution
		SolutionGuid = {EC15DCB8-858E-4D63-8D19-604DA4029BB6}
	EndGlobalSection
EndGlobal
